
Microsoft Visual Studio Solution File, Format Version 12.00
# Visual Studio Version 17
VisualStudioVersion = 17.11.35327.3
MinimumVisualStudioVersion = 10.0.40219.1
Project("{2150E333-8FDC-42A3-9474-1A3956D46DE8}") = "src", "src", "{AC2650E4-7669-4D79-9FA7-FA5F2FFFA5D9}"
EndProject
Project("{2150E333-8FDC-42A3-9474-1A3956D46DE8}") = "test", "test", "{422A210B-65B3-4363-851F-0E4117709C6A}"
EndProject
Project("{2150E333-8FDC-42A3-9474-1A3956D46DE8}") = "UI", "UI", "{2EC84D96-B243-454E-B511-A1607DFE584F}"
EndProject
Project("{2150E333-8FDC-42A3-9474-1A3956D46DE8}") = "Api", "Api", "{34BD47F0-44D6-41FC-83A6-162731E08388}"
EndProject
Project("{2150E333-8FDC-42A3-9474-1A3956D46DE8}") = "Core", "Core", "{D7AF7126-D95E-4AD6-A597-1C4158314133}"
EndProject
Project("{2150E333-8FDC-42A3-9474-1A3956D46DE8}") = "Infrastructure", "Infrastructure", "{E39A5217-9E11-4728-AEC5-11940FA0599E}"
EndProject
Project("{FAE04EC0-301F-11D3-BF4B-00C04F79EFBC}") = "InventoryMgmt.API", "InventoryMgmt.API\InventoryMgmt.API.csproj", "{2178CB8F-44A9-4D62-B8AD-F87AC0397ADE}"
EndProject
Project("{FAE04EC0-301F-11D3-BF4B-00C04F79EFBC}") = "InventoryMgmt.MVC", "InventoryMgmt.MVC\InventoryMgmt.MVC.csproj", "{60FD35E9-1BEB-40BB-B7FD-A0C99B2E6C61}"
EndProject
Project("{FAE04EC0-301F-11D3-BF4B-00C04F79EFBC}") = "InventoryMgmt.Persistence", "InventoryMgmt.Persistence\InventoryMgmt.Persistence.csproj", "{08CFD898-02E9-4F87-99BE-6A700D0A1DED}"
EndProject
Project("{FAE04EC0-301F-11D3-BF4B-00C04F79EFBC}") = "InventoryMgmt.Application", "InventoryMgmt.Application\InventoryMgmt.Application.csproj", "{4F1EA85F-DC87-41C0-A4C9-444954E72663}"
EndProject
Project("{FAE04EC0-301F-11D3-BF4B-00C04F79EFBC}") = "InventoryMgmt.Domain", "InventoryMgmt.Domain\InventoryMgmt.Domain.csproj", "{DAF917C1-2AC8-46FB-8397-22D2D3BCC5AD}"
EndProject
Global
	GlobalSection(SolutionConfigurationPlatforms) = preSolution
		Debug|Any CPU = Debug|Any CPU
		Release|Any CPU = Release|Any CPU
	EndGlobalSection
	GlobalSection(ProjectConfigurationPlatforms) = postSolution
		{2178CB8F-44A9-4D62-B8AD-F87AC0397ADE}.Debug|Any CPU.ActiveCfg = Debug|Any CPU
		{2178CB8F-44A9-4D62-B8AD-F87AC0397ADE}.Debug|Any CPU.Build.0 = Debug|Any CPU
		{2178CB8F-44A9-4D62-B8AD-F87AC0397ADE}.Release|Any CPU.ActiveCfg = Release|Any CPU
		{2178CB8F-44A9-4D62-B8AD-F87AC0397ADE}.Release|Any CPU.Build.0 = Release|Any CPU
		{60FD35E9-1BEB-40BB-B7FD-A0C99B2E6C61}.Debug|Any CPU.ActiveCfg = Debug|Any CPU
		{60FD35E9-1BEB-40BB-B7FD-A0C99B2E6C61}.Debug|Any CPU.Build.0 = Debug|Any CPU
		{60FD35E9-1BEB-40BB-B7FD-A0C99B2E6C61}.Release|Any CPU.ActiveCfg = Release|Any CPU
		{60FD35E9-1BEB-40BB-B7FD-A0C99B2E6C61}.Release|Any CPU.Build.0 = Release|Any CPU
		{08CFD898-02E9-4F87-99BE-6A700D0A1DED}.Debug|Any CPU.ActiveCfg = Debug|Any CPU
		{08CFD898-02E9-4F87-99BE-6A700D0A1DED}.Debug|Any CPU.Build.0 = Debug|Any CPU
		{08CFD898-02E9-4F87-99BE-6A700D0A1DED}.Release|Any CPU.ActiveCfg = Release|Any CPU
		{08CFD898-02E9-4F87-99BE-6A700D0A1DED}.Release|Any CPU.Build.0 = Release|Any CPU
		{4F1EA85F-DC87-41C0-A4C9-444954E72663}.Debug|Any CPU.ActiveCfg = Debug|Any CPU
		{4F1EA85F-DC87-41C0-A4C9-444954E72663}.Debug|Any CPU.Build.0 = Debug|Any CPU
		{4F1EA85F-DC87-41C0-A4C9-444954E72663}.Release|Any CPU.ActiveCfg = Release|Any CPU
		{4F1EA85F-DC87-41C0-A4C9-444954E72663}.Release|Any CPU.Build.0 = Release|Any CPU
		{DAF917C1-2AC8-46FB-8397-22D2D3BCC5AD}.Debug|Any CPU.ActiveCfg = Debug|Any CPU
		{DAF917C1-2AC8-46FB-8397-22D2D3BCC5AD}.Debug|Any CPU.Build.0 = Debug|Any CPU
		{DAF917C1-2AC8-46FB-8397-22D2D3BCC5AD}.Release|Any CPU.ActiveCfg = Release|Any CPU
		{DAF917C1-2AC8-46FB-8397-22D2D3BCC5AD}.Release|Any CPU.Build.0 = Release|Any CPU
	EndGlobalSection
	GlobalSection(SolutionProperties) = preSolution
		HideSolutionNode = FALSE
	EndGlobalSection
	GlobalSection(NestedProjects) = preSolution
		{2EC84D96-B243-454E-B511-A1607DFE584F} = {AC2650E4-7669-4D79-9FA7-FA5F2FFFA5D9}
		{34BD47F0-44D6-41FC-83A6-162731E08388} = {AC2650E4-7669-4D79-9FA7-FA5F2FFFA5D9}
		{D7AF7126-D95E-4AD6-A597-1C4158314133} = {AC2650E4-7669-4D79-9FA7-FA5F2FFFA5D9}
		{E39A5217-9E11-4728-AEC5-11940FA0599E} = {AC2650E4-7669-4D79-9FA7-FA5F2FFFA5D9}
		{2178CB8F-44A9-4D62-B8AD-F87AC0397ADE} = {34BD47F0-44D6-41FC-83A6-162731E08388}
		{60FD35E9-1BEB-40BB-B7FD-A0C99B2E6C61} = {2EC84D96-B243-454E-B511-A1607DFE584F}
		{08CFD898-02E9-4F87-99BE-6A700D0A1DED} = {E39A5217-9E11-4728-AEC5-11940FA0599E}
		{4F1EA85F-DC87-41C0-A4C9-444954E72663} = {D7AF7126-D95E-4AD6-A597-1C4158314133}
		{DAF917C1-2AC8-46FB-8397-22D2D3BCC5AD} = {D7AF7126-D95E-4AD6-A597-1C4158314133}
	EndGlobalSection
	GlobalSection(ExtensibilityGlobals) = postSolution
		SolutionGuid = {9F2E1063-9829-4CDE-9E5C-89FA6D7715AF}
	EndGlobalSection
EndGlobal
